// !$*UTF8*$!
{
	archiveVersion = 1;
	classes = {
	};
	objectVersion = 56;
	objects = {

/* Begin PBXBuildFile section */
		444293452BCAAF79008CAA2C /* Sheet.swift in Sources */ = {isa = PBXBuildFile; fileRef = 444293442BCAAF79008CAA2C /* Sheet.swift */; };
		444293492BCAC0B2008CAA2C /* Cards.swift in Sources */ = {isa = PBXBuildFile; fileRef = 444293482BCAC0B2008CAA2C /* Cards.swift */; };
		4442934D2BCAC6D0008CAA2C /* Cell.swift in Sources */ = {isa = PBXBuildFile; fileRef = 4442934C2BCAC6D0008CAA2C /* Cell.swift */; };
		444293502BCACB76008CAA2C /* DummyPlayers.swift in Sources */ = {isa = PBXBuildFile; fileRef = 4442934F2BCACB76008CAA2C /* DummyPlayers.swift */; };
		444293522BCAD10B008CAA2C /* Card.swift in Sources */ = {isa = PBXBuildFile; fileRef = 444293512BCAD10B008CAA2C /* Card.swift */; };
		444293552BCAD131008CAA2C /* Player.swift in Sources */ = {isa = PBXBuildFile; fileRef = 444293542BCAD131008CAA2C /* Player.swift */; };
		4494A39B2BF33A6500EDA2BA /* PresentationCell.swift in Sources */ = {isa = PBXBuildFile; fileRef = 4494A39A2BF33A6500EDA2BA /* PresentationCell.swift */; };
		44AF61FA2BF7219D00F38165 /* SheetInteractor.swift in Sources */ = {isa = PBXBuildFile; fileRef = 44AF61F92BF7219D00F38165 /* SheetInteractor.swift */; };
		44AF61FC2BF723FB00F38165 /* MarkerControlBarInteractor.swift in Sources */ = {isa = PBXBuildFile; fileRef = 44AF61FB2BF723FB00F38165 /* MarkerControlBarInteractor.swift */; };
		44AF61FE2BF7852500F38165 /* SettingStore.swift in Sources */ = {isa = PBXBuildFile; fileRef = 44AF61FD2BF7852500F38165 /* SettingStore.swift */; };
		44AF62012BF7856900F38165 /* SettingInteractor.swift in Sources */ = {isa = PBXBuildFile; fileRef = 44AF62002BF7856900F38165 /* SettingInteractor.swift */; };
		44AF62052BF796AE00F38165 /* Setting.swift in Sources */ = {isa = PBXBuildFile; fileRef = 44AF62042BF796AE00F38165 /* Setting.swift */; };
		44AF62072BF796BA00F38165 /* PresentationSetting.swift in Sources */ = {isa = PBXBuildFile; fileRef = 44AF62062BF796BA00F38165 /* PresentationSetting.swift */; };
		44B81D0D2BF1F0B400E82051 /* UseCase.swift in Sources */ = {isa = PBXBuildFile; fileRef = 44B81D0C2BF1F0B400E82051 /* UseCase.swift */; };
		44B81D112BF1F94200E82051 /* MarkerControlBarView.swift in Sources */ = {isa = PBXBuildFile; fileRef = 44B81D102BF1F94200E82051 /* MarkerControlBarView.swift */; };
		44DB76402BEA004C0067A814 /* GameSetter.swift in Sources */ = {isa = PBXBuildFile; fileRef = 44DB763F2BEA004C0067A814 /* GameSetter.swift */; };
		44E011BC2C01CDA900676359 /* ClickCellUseCaseTests.swift in Sources */ = {isa = PBXBuildFile; fileRef = 44E011BB2C01CDA900676359 /* ClickCellUseCaseTests.swift */; };
		44E011BE2C01E22600676359 /* SheetMode.swift in Sources */ = {isa = PBXBuildFile; fileRef = 44E011BD2C01E22600676359 /* SheetMode.swift */; };
		44E011C42C01EC5E00676359 /* Sheet+.swift in Sources */ = {isa = PBXBuildFile; fileRef = 44E011C32C01EC5E00676359 /* Sheet+.swift */; };
		44E8D8D22BD0116000A989E2 /* Marker.swift in Sources */ = {isa = PBXBuildFile; fileRef = 44E8D8D12BD0116000A989E2 /* Marker.swift */; };
		AC0360BB2C217EE000455C4A /* ClearMarkerSelectedCellUseCase.swift in Sources */ = {isa = PBXBuildFile; fileRef = AC0360BA2C217EE000455C4A /* ClearMarkerSelectedCellUseCase.swift */; };
		AC0360BF2C21B40900455C4A /* PlayerSettingView.swift in Sources */ = {isa = PBXBuildFile; fileRef = AC0360BE2C21B40900455C4A /* PlayerSettingView.swift */; };
		AC0360C12C21CB9800455C4A /* PlayerDetailSettingView.swift in Sources */ = {isa = PBXBuildFile; fileRef = AC0360C02C21CB9800455C4A /* PlayerDetailSettingView.swift */; };
		AC04831E2BF275A500B99608 /* PresentationSheet.swift in Sources */ = {isa = PBXBuildFile; fileRef = AC04831D2BF275A500B99608 /* PresentationSheet.swift */; };
		AC0EAC002C44E95000521147 /* PublicCardsSettingView.swift in Sources */ = {isa = PBXBuildFile; fileRef = AC0EABFF2C44E95000521147 /* PublicCardsSettingView.swift */; };
		AC0EAC022C44EFB500521147 /* CreatePublicCardsUseCase.swift in Sources */ = {isa = PBXBuildFile; fileRef = AC0EAC012C44EFB500521147 /* CreatePublicCardsUseCase.swift */; };
		AC3170512C018C53009E947B /* SettingError.swift in Sources */ = {isa = PBXBuildFile; fileRef = AC3170502C018C53009E947B /* SettingError.swift */; };
		AC3170542C01B02F009E947B /* ClickCellUseCase.swift in Sources */ = {isa = PBXBuildFile; fileRef = AC3170532C01B02F009E947B /* ClickCellUseCase.swift */; };
		AC3170562C01B13E009E947B /* LongClickCellUseCase.swift in Sources */ = {isa = PBXBuildFile; fileRef = AC3170552C01B13E009E947B /* LongClickCellUseCase.swift */; };
		AC3170582C01B4B6009E947B /* ClickColNameUseCase.swift in Sources */ = {isa = PBXBuildFile; fileRef = AC3170572C01B4B6009E947B /* ClickColNameUseCase.swift */; };
		AC31705A2C01B51D009E947B /* ClickRowNameUseCase.swift in Sources */ = {isa = PBXBuildFile; fileRef = AC3170592C01B51D009E947B /* ClickRowNameUseCase.swift */; };
		AC31705D2C01B627009E947B /* ChooseMainMarkerUseCase.swift in Sources */ = {isa = PBXBuildFile; fileRef = AC31705C2C01B627009E947B /* ChooseMainMarkerUseCase.swift */; };
		AC31705F2C01B6A8009E947B /* ChooseSubMarkerUseCase.swift in Sources */ = {isa = PBXBuildFile; fileRef = AC31705E2C01B6A8009E947B /* ChooseSubMarkerUseCase.swift */; };
		AC3170612C01B6E1009E947B /* CancelClickedCellUseCase.swift in Sources */ = {isa = PBXBuildFile; fileRef = AC3170602C01B6E1009E947B /* CancelClickedCellUseCase.swift */; };
		AC3170642C01B78D009E947B /* AddSubMarkerTypeUseCase.swift in Sources */ = {isa = PBXBuildFile; fileRef = AC3170632C01B78D009E947B /* AddSubMarkerTypeUseCase.swift */; };
		AC3D734B2C1C19250042C669 /* UseCaseDecorator.swift in Sources */ = {isa = PBXBuildFile; fileRef = AC3D734A2C1C19250042C669 /* UseCaseDecorator.swift */; };
		AC3D734E2C1C22350042C669 /* SnapshotDecorator.swift in Sources */ = {isa = PBXBuildFile; fileRef = AC3D734D2C1C22350042C669 /* SnapshotDecorator.swift */; };
		AC4121B52BD0138500817B0A /* CellTests.swift in Sources */ = {isa = PBXBuildFile; fileRef = AC4121B42BD0138500817B0A /* CellTests.swift */; };
		AC41F8E22C23F91E002FEA66 /* TitleView.swift in Sources */ = {isa = PBXBuildFile; fileRef = AC41F8E12C23F91E002FEA66 /* TitleView.swift */; };
		AC55A3402BE9F2AD00AC0774 /* CellError.swift in Sources */ = {isa = PBXBuildFile; fileRef = AC55A33F2BE9F2AD00AC0774 /* CellError.swift */; };
		AC55CA7B2C204CA90045E78F /* RedoUseCase.swift in Sources */ = {isa = PBXBuildFile; fileRef = AC55CA7A2C204CA90045E78F /* RedoUseCase.swift */; };
		AC55CA7D2C2058980045E78F /* UndoUseCase.swift in Sources */ = {isa = PBXBuildFile; fileRef = AC55CA7C2C2058980045E78F /* UndoUseCase.swift */; };
		AC55CA7F2C2059640045E78F /* ControlBarInteractor.swift in Sources */ = {isa = PBXBuildFile; fileRef = AC55CA7E2C2059640045E78F /* ControlBarInteractor.swift */; };
		AC55CA812C205FE50045E78F /* ControlBarView.swift in Sources */ = {isa = PBXBuildFile; fileRef = AC55CA802C205FE50045E78F /* ControlBarView.swift */; };
		AC5C854C2C35011A00F09746 /* KeyboardObserver.swift in Sources */ = {isa = PBXBuildFile; fileRef = AC5C854B2C35011A00F09746 /* KeyboardObserver.swift */; };
		AC5C85502C380F4300F09746 /* GeometryStore.swift in Sources */ = {isa = PBXBuildFile; fileRef = AC5C854F2C380F4300F09746 /* GeometryStore.swift */; };
		AC5C85522C380F9000F09746 /* GeometryInteractor.swift in Sources */ = {isa = PBXBuildFile; fileRef = AC5C85512C380F9000F09746 /* GeometryInteractor.swift */; };
		AC5C85552C38217500F09746 /* EmptyView.swift in Sources */ = {isa = PBXBuildFile; fileRef = AC5C85542C38217500F09746 /* EmptyView.swift */; };
		AC6A83DE2C1ADC110051C0DF /* ConvertManager.swift in Sources */ = {isa = PBXBuildFile; fileRef = AC6A83DD2C1ADC110051C0DF /* ConvertManager.swift */; };
		AC6A83E12C1B28BE0051C0DF /* Snapshot.swift in Sources */ = {isa = PBXBuildFile; fileRef = AC6A83E02C1B28BE0051C0DF /* Snapshot.swift */; };
		AC6A83E32C1B29E70051C0DF /* SnapshotManager.swift in Sources */ = {isa = PBXBuildFile; fileRef = AC6A83E22C1B29E70051C0DF /* SnapshotManager.swift */; };
		AC6A83E62C1B2D3A0051C0DF /* SnapshotError.swift in Sources */ = {isa = PBXBuildFile; fileRef = AC6A83E52C1B2D3A0051C0DF /* SnapshotError.swift */; };
		AC6E30F12BECABB000911F13 /* SheetStore.swift in Sources */ = {isa = PBXBuildFile; fileRef = AC6E30F02BECABB000911F13 /* SheetStore.swift */; };
		AC7AB9292BCE7905004A77D3 /* Edition.swift in Sources */ = {isa = PBXBuildFile; fileRef = AC7AB9282BCE7905004A77D3 /* Edition.swift */; };
		AC87BEDE2C3BF0BA006C2B0D /* DeviceRotationViewModifier.swift in Sources */ = {isa = PBXBuildFile; fileRef = AC87BEDD2C3BF0BA006C2B0D /* DeviceRotationViewModifier.swift */; };
		AC87BEE02C3CF3FF006C2B0D /* SafeAreaInsetsKey.swift in Sources */ = {isa = PBXBuildFile; fileRef = AC87BEDF2C3CF3FF006C2B0D /* SafeAreaInsetsKey.swift */; };
		AC9F1FFD2BCD1AB8008283DF /* SheetError.swift in Sources */ = {isa = PBXBuildFile; fileRef = AC9F1FFC2BCD1AB8008283DF /* SheetError.swift */; };
		ACA2ABFB2C1988B1002386E1 /* ClickRowNameUseCaseTests.swift in Sources */ = {isa = PBXBuildFile; fileRef = ACA2ABFA2C1988B1002386E1 /* ClickRowNameUseCaseTests.swift */; };
		ACA2ABFD2C199666002386E1 /* SwitchSingleModeUseCase.swift in Sources */ = {isa = PBXBuildFile; fileRef = ACA2ABFC2C199666002386E1 /* SwitchSingleModeUseCase.swift */; };
		ACE10A032C48A4CA00CE42DC /* MyCardsSettingView.swift in Sources */ = {isa = PBXBuildFile; fileRef = ACE10A022C48A4CA00CE42DC /* MyCardsSettingView.swift */; };
		ACEA787C2C109E04002CF159 /* LongClickCellUseCaseTests.swift in Sources */ = {isa = PBXBuildFile; fileRef = ACEA787B2C109E04002CF159 /* LongClickCellUseCaseTests.swift */; };
		ACEA787E2C10A4B5002CF159 /* ClickColNameUseCaseTests.swift in Sources */ = {isa = PBXBuildFile; fileRef = ACEA787D2C10A4B5002CF159 /* ClickColNameUseCaseTests.swift */; };
		ACF3694C2C259C33000D32A1 /* CreatePlayersUseCase.swift in Sources */ = {isa = PBXBuildFile; fileRef = ACF3694B2C259C33000D32A1 /* CreatePlayersUseCase.swift */; };
		ACFED8D02BB90B5E00B1D22B /* ClueDetectiveNotesApp.swift in Sources */ = {isa = PBXBuildFile; fileRef = ACFED8CF2BB90B5E00B1D22B /* ClueDetectiveNotesApp.swift */; };
		ACFED8D22BB90B5E00B1D22B /* GameView.swift in Sources */ = {isa = PBXBuildFile; fileRef = ACFED8D12BB90B5E00B1D22B /* GameView.swift */; };
		ACFED8D42BB90B5F00B1D22B /* Assets.xcassets in Resources */ = {isa = PBXBuildFile; fileRef = ACFED8D32BB90B5F00B1D22B /* Assets.xcassets */; };
		ACFED8D72BB90B5F00B1D22B /* Preview Assets.xcassets in Resources */ = {isa = PBXBuildFile; fileRef = ACFED8D62BB90B5F00B1D22B /* Preview Assets.xcassets */; };
		ACFED8E12BB90B5F00B1D22B /* SheetTests.swift in Sources */ = {isa = PBXBuildFile; fileRef = ACFED8E02BB90B5F00B1D22B /* SheetTests.swift */; };
/* End PBXBuildFile section */

/* Begin PBXContainerItemProxy section */
		ACFED8DD2BB90B5F00B1D22B /* PBXContainerItemProxy */ = {
			isa = PBXContainerItemProxy;
			containerPortal = ACFED8C42BB90B5E00B1D22B /* Project object */;
			proxyType = 1;
			remoteGlobalIDString = ACFED8CB2BB90B5E00B1D22B;
			remoteInfo = ClueDetectiveNotes;
		};
/* End PBXContainerItemProxy section */

/* Begin PBXFileReference section */
		444293442BCAAF79008CAA2C /* Sheet.swift */ = {isa = PBXFileReference; lastKnownFileType = sourcecode.swift; path = Sheet.swift; sourceTree = "<group>"; };
		444293482BCAC0B2008CAA2C /* Cards.swift */ = {isa = PBXFileReference; lastKnownFileType = sourcecode.swift; path = Cards.swift; sourceTree = "<group>"; };
		4442934C2BCAC6D0008CAA2C /* Cell.swift */ = {isa = PBXFileReference; lastKnownFileType = sourcecode.swift; path = Cell.swift; sourceTree = "<group>"; };
		4442934F2BCACB76008CAA2C /* DummyPlayers.swift */ = {isa = PBXFileReference; lastKnownFileType = sourcecode.swift; path = DummyPlayers.swift; sourceTree = "<group>"; };
		444293512BCAD10B008CAA2C /* Card.swift */ = {isa = PBXFileReference; lastKnownFileType = sourcecode.swift; path = Card.swift; sourceTree = "<group>"; };
		444293542BCAD131008CAA2C /* Player.swift */ = {isa = PBXFileReference; lastKnownFileType = sourcecode.swift; path = Player.swift; sourceTree = "<group>"; };
		4494A39A2BF33A6500EDA2BA /* PresentationCell.swift */ = {isa = PBXFileReference; lastKnownFileType = sourcecode.swift; path = PresentationCell.swift; sourceTree = "<group>"; };
		44AF61F92BF7219D00F38165 /* SheetInteractor.swift */ = {isa = PBXFileReference; lastKnownFileType = sourcecode.swift; path = SheetInteractor.swift; sourceTree = "<group>"; };
		44AF61FB2BF723FB00F38165 /* MarkerControlBarInteractor.swift */ = {isa = PBXFileReference; lastKnownFileType = sourcecode.swift; path = MarkerControlBarInteractor.swift; sourceTree = "<group>"; };
		44AF61FD2BF7852500F38165 /* SettingStore.swift */ = {isa = PBXFileReference; lastKnownFileType = sourcecode.swift; path = SettingStore.swift; sourceTree = "<group>"; };
		44AF62002BF7856900F38165 /* SettingInteractor.swift */ = {isa = PBXFileReference; lastKnownFileType = sourcecode.swift; path = SettingInteractor.swift; sourceTree = "<group>"; };
		44AF62042BF796AE00F38165 /* Setting.swift */ = {isa = PBXFileReference; lastKnownFileType = sourcecode.swift; path = Setting.swift; sourceTree = "<group>"; };
		44AF62062BF796BA00F38165 /* PresentationSetting.swift */ = {isa = PBXFileReference; lastKnownFileType = sourcecode.swift; path = PresentationSetting.swift; sourceTree = "<group>"; };
		44B81D0C2BF1F0B400E82051 /* UseCase.swift */ = {isa = PBXFileReference; lastKnownFileType = sourcecode.swift; path = UseCase.swift; sourceTree = "<group>"; };
		44B81D102BF1F94200E82051 /* MarkerControlBarView.swift */ = {isa = PBXFileReference; lastKnownFileType = sourcecode.swift; path = MarkerControlBarView.swift; sourceTree = "<group>"; };
		44DB763F2BEA004C0067A814 /* GameSetter.swift */ = {isa = PBXFileReference; lastKnownFileType = sourcecode.swift; path = GameSetter.swift; sourceTree = "<group>"; };
		44E011BB2C01CDA900676359 /* ClickCellUseCaseTests.swift */ = {isa = PBXFileReference; lastKnownFileType = sourcecode.swift; path = ClickCellUseCaseTests.swift; sourceTree = "<group>"; };
		44E011BD2C01E22600676359 /* SheetMode.swift */ = {isa = PBXFileReference; lastKnownFileType = sourcecode.swift; path = SheetMode.swift; sourceTree = "<group>"; };
		44E011C22C01EB8700676359 /* ClueDetectiveNotes.xctestplan */ = {isa = PBXFileReference; lastKnownFileType = text; path = ClueDetectiveNotes.xctestplan; sourceTree = "<group>"; };
		44E011C32C01EC5E00676359 /* Sheet+.swift */ = {isa = PBXFileReference; lastKnownFileType = sourcecode.swift; path = "Sheet+.swift"; sourceTree = "<group>"; };
		44E8D8D12BD0116000A989E2 /* Marker.swift */ = {isa = PBXFileReference; lastKnownFileType = sourcecode.swift; path = Marker.swift; sourceTree = "<group>"; };
		AC0360BA2C217EE000455C4A /* ClearMarkerSelectedCellUseCase.swift */ = {isa = PBXFileReference; lastKnownFileType = sourcecode.swift; path = ClearMarkerSelectedCellUseCase.swift; sourceTree = "<group>"; };
		AC0360BE2C21B40900455C4A /* PlayerSettingView.swift */ = {isa = PBXFileReference; lastKnownFileType = sourcecode.swift; path = PlayerSettingView.swift; sourceTree = "<group>"; };
		AC0360C02C21CB9800455C4A /* PlayerDetailSettingView.swift */ = {isa = PBXFileReference; lastKnownFileType = sourcecode.swift; path = PlayerDetailSettingView.swift; sourceTree = "<group>"; };
		AC04831D2BF275A500B99608 /* PresentationSheet.swift */ = {isa = PBXFileReference; lastKnownFileType = sourcecode.swift; path = PresentationSheet.swift; sourceTree = "<group>"; };
		AC0EABFF2C44E95000521147 /* PublicCardsSettingView.swift */ = {isa = PBXFileReference; lastKnownFileType = sourcecode.swift; path = PublicCardsSettingView.swift; sourceTree = "<group>"; };
		AC0EAC012C44EFB500521147 /* CreatePublicCardsUseCase.swift */ = {isa = PBXFileReference; lastKnownFileType = sourcecode.swift; path = CreatePublicCardsUseCase.swift; sourceTree = "<group>"; };
		AC3170502C018C53009E947B /* SettingError.swift */ = {isa = PBXFileReference; lastKnownFileType = sourcecode.swift; path = SettingError.swift; sourceTree = "<group>"; };
		AC3170532C01B02F009E947B /* ClickCellUseCase.swift */ = {isa = PBXFileReference; lastKnownFileType = sourcecode.swift; path = ClickCellUseCase.swift; sourceTree = "<group>"; };
		AC3170552C01B13E009E947B /* LongClickCellUseCase.swift */ = {isa = PBXFileReference; lastKnownFileType = sourcecode.swift; path = LongClickCellUseCase.swift; sourceTree = "<group>"; };
		AC3170572C01B4B6009E947B /* ClickColNameUseCase.swift */ = {isa = PBXFileReference; lastKnownFileType = sourcecode.swift; path = ClickColNameUseCase.swift; sourceTree = "<group>"; };
		AC3170592C01B51D009E947B /* ClickRowNameUseCase.swift */ = {isa = PBXFileReference; lastKnownFileType = sourcecode.swift; path = ClickRowNameUseCase.swift; sourceTree = "<group>"; };
		AC31705C2C01B627009E947B /* ChooseMainMarkerUseCase.swift */ = {isa = PBXFileReference; lastKnownFileType = sourcecode.swift; path = ChooseMainMarkerUseCase.swift; sourceTree = "<group>"; };
		AC31705E2C01B6A8009E947B /* ChooseSubMarkerUseCase.swift */ = {isa = PBXFileReference; lastKnownFileType = sourcecode.swift; path = ChooseSubMarkerUseCase.swift; sourceTree = "<group>"; };
		AC3170602C01B6E1009E947B /* CancelClickedCellUseCase.swift */ = {isa = PBXFileReference; lastKnownFileType = sourcecode.swift; path = CancelClickedCellUseCase.swift; sourceTree = "<group>"; };
		AC3170632C01B78D009E947B /* AddSubMarkerTypeUseCase.swift */ = {isa = PBXFileReference; lastKnownFileType = sourcecode.swift; path = AddSubMarkerTypeUseCase.swift; sourceTree = "<group>"; };
		AC3D734A2C1C19250042C669 /* UseCaseDecorator.swift */ = {isa = PBXFileReference; lastKnownFileType = sourcecode.swift; path = UseCaseDecorator.swift; sourceTree = "<group>"; };
		AC3D734D2C1C22350042C669 /* SnapshotDecorator.swift */ = {isa = PBXFileReference; lastKnownFileType = sourcecode.swift; path = SnapshotDecorator.swift; sourceTree = "<group>"; };
		AC4121B42BD0138500817B0A /* CellTests.swift */ = {isa = PBXFileReference; lastKnownFileType = sourcecode.swift; path = CellTests.swift; sourceTree = "<group>"; };
		AC41F8E12C23F91E002FEA66 /* TitleView.swift */ = {isa = PBXFileReference; lastKnownFileType = sourcecode.swift; path = TitleView.swift; sourceTree = "<group>"; };
		AC55A33F2BE9F2AD00AC0774 /* CellError.swift */ = {isa = PBXFileReference; lastKnownFileType = sourcecode.swift; path = CellError.swift; sourceTree = "<group>"; };
		AC55CA7A2C204CA90045E78F /* RedoUseCase.swift */ = {isa = PBXFileReference; lastKnownFileType = sourcecode.swift; path = RedoUseCase.swift; sourceTree = "<group>"; };
		AC55CA7C2C2058980045E78F /* UndoUseCase.swift */ = {isa = PBXFileReference; lastKnownFileType = sourcecode.swift; path = UndoUseCase.swift; sourceTree = "<group>"; };
		AC55CA7E2C2059640045E78F /* ControlBarInteractor.swift */ = {isa = PBXFileReference; lastKnownFileType = sourcecode.swift; path = ControlBarInteractor.swift; sourceTree = "<group>"; };
		AC55CA802C205FE50045E78F /* ControlBarView.swift */ = {isa = PBXFileReference; lastKnownFileType = sourcecode.swift; path = ControlBarView.swift; sourceTree = "<group>"; };
		AC5C854B2C35011A00F09746 /* KeyboardObserver.swift */ = {isa = PBXFileReference; lastKnownFileType = sourcecode.swift; path = KeyboardObserver.swift; sourceTree = "<group>"; };
		AC5C854F2C380F4300F09746 /* GeometryStore.swift */ = {isa = PBXFileReference; lastKnownFileType = sourcecode.swift; path = GeometryStore.swift; sourceTree = "<group>"; };
		AC5C85512C380F9000F09746 /* GeometryInteractor.swift */ = {isa = PBXFileReference; lastKnownFileType = sourcecode.swift; path = GeometryInteractor.swift; sourceTree = "<group>"; };
		AC5C85542C38217500F09746 /* EmptyView.swift */ = {isa = PBXFileReference; lastKnownFileType = sourcecode.swift; path = EmptyView.swift; sourceTree = "<group>"; };
		AC6A83DD2C1ADC110051C0DF /* ConvertManager.swift */ = {isa = PBXFileReference; lastKnownFileType = sourcecode.swift; path = ConvertManager.swift; sourceTree = "<group>"; };
		AC6A83E02C1B28BE0051C0DF /* Snapshot.swift */ = {isa = PBXFileReference; lastKnownFileType = sourcecode.swift; path = Snapshot.swift; sourceTree = "<group>"; };
		AC6A83E22C1B29E70051C0DF /* SnapshotManager.swift */ = {isa = PBXFileReference; lastKnownFileType = sourcecode.swift; path = SnapshotManager.swift; sourceTree = "<group>"; };
		AC6A83E52C1B2D3A0051C0DF /* SnapshotError.swift */ = {isa = PBXFileReference; lastKnownFileType = sourcecode.swift; path = SnapshotError.swift; sourceTree = "<group>"; };
		AC6E30F02BECABB000911F13 /* SheetStore.swift */ = {isa = PBXFileReference; lastKnownFileType = sourcecode.swift; path = SheetStore.swift; sourceTree = "<group>"; };
		AC7AB9282BCE7905004A77D3 /* Edition.swift */ = {isa = PBXFileReference; lastKnownFileType = sourcecode.swift; path = Edition.swift; sourceTree = "<group>"; };
		AC87BEDD2C3BF0BA006C2B0D /* DeviceRotationViewModifier.swift */ = {isa = PBXFileReference; lastKnownFileType = sourcecode.swift; path = DeviceRotationViewModifier.swift; sourceTree = "<group>"; };
		AC87BEDF2C3CF3FF006C2B0D /* SafeAreaInsetsKey.swift */ = {isa = PBXFileReference; lastKnownFileType = sourcecode.swift; path = SafeAreaInsetsKey.swift; sourceTree = "<group>"; };
		AC9F1FFC2BCD1AB8008283DF /* SheetError.swift */ = {isa = PBXFileReference; lastKnownFileType = sourcecode.swift; path = SheetError.swift; sourceTree = "<group>"; };
		ACA2ABFA2C1988B1002386E1 /* ClickRowNameUseCaseTests.swift */ = {isa = PBXFileReference; lastKnownFileType = sourcecode.swift; path = ClickRowNameUseCaseTests.swift; sourceTree = "<group>"; };
		ACA2ABFC2C199666002386E1 /* SwitchSingleModeUseCase.swift */ = {isa = PBXFileReference; lastKnownFileType = sourcecode.swift; path = SwitchSingleModeUseCase.swift; sourceTree = "<group>"; };
		ACE10A022C48A4CA00CE42DC /* MyCardsSettingView.swift */ = {isa = PBXFileReference; lastKnownFileType = sourcecode.swift; path = MyCardsSettingView.swift; sourceTree = "<group>"; };
		ACEA787B2C109E04002CF159 /* LongClickCellUseCaseTests.swift */ = {isa = PBXFileReference; lastKnownFileType = sourcecode.swift; path = LongClickCellUseCaseTests.swift; sourceTree = "<group>"; };
		ACEA787D2C10A4B5002CF159 /* ClickColNameUseCaseTests.swift */ = {isa = PBXFileReference; lastKnownFileType = sourcecode.swift; path = ClickColNameUseCaseTests.swift; sourceTree = "<group>"; };
		ACF3694B2C259C33000D32A1 /* CreatePlayersUseCase.swift */ = {isa = PBXFileReference; lastKnownFileType = sourcecode.swift; path = CreatePlayersUseCase.swift; sourceTree = "<group>"; };
		ACFED8CC2BB90B5E00B1D22B /* ClueDetectiveNotes.app */ = {isa = PBXFileReference; explicitFileType = wrapper.application; includeInIndex = 0; path = ClueDetectiveNotes.app; sourceTree = BUILT_PRODUCTS_DIR; };
		ACFED8CF2BB90B5E00B1D22B /* ClueDetectiveNotesApp.swift */ = {isa = PBXFileReference; lastKnownFileType = sourcecode.swift; path = ClueDetectiveNotesApp.swift; sourceTree = "<group>"; };
		ACFED8D12BB90B5E00B1D22B /* GameView.swift */ = {isa = PBXFileReference; lastKnownFileType = sourcecode.swift; path = GameView.swift; sourceTree = "<group>"; };
		ACFED8D32BB90B5F00B1D22B /* Assets.xcassets */ = {isa = PBXFileReference; lastKnownFileType = folder.assetcatalog; path = Assets.xcassets; sourceTree = "<group>"; };
		ACFED8D62BB90B5F00B1D22B /* Preview Assets.xcassets */ = {isa = PBXFileReference; lastKnownFileType = folder.assetcatalog; path = "Preview Assets.xcassets"; sourceTree = "<group>"; };
		ACFED8DC2BB90B5F00B1D22B /* ClueDetectiveNotesTests.xctest */ = {isa = PBXFileReference; explicitFileType = wrapper.cfbundle; includeInIndex = 0; path = ClueDetectiveNotesTests.xctest; sourceTree = BUILT_PRODUCTS_DIR; };
		ACFED8E02BB90B5F00B1D22B /* SheetTests.swift */ = {isa = PBXFileReference; lastKnownFileType = sourcecode.swift; path = SheetTests.swift; sourceTree = "<group>"; };
/* End PBXFileReference section */

/* Begin PBXFrameworksBuildPhase section */
		ACFED8C92BB90B5E00B1D22B /* Frameworks */ = {
			isa = PBXFrameworksBuildPhase;
			buildActionMask = 2147483647;
			files = (
			);
			runOnlyForDeploymentPostprocessing = 0;
		};
		ACFED8D92BB90B5F00B1D22B /* Frameworks */ = {
			isa = PBXFrameworksBuildPhase;
			buildActionMask = 2147483647;
			files = (
			);
			runOnlyForDeploymentPostprocessing = 0;
		};
/* End PBXFrameworksBuildPhase section */

/* Begin PBXGroup section */
		4442933F2BCAAC54008CAA2C /* Presentation */ = {
			isa = PBXGroup;
			children = (
				44AF620A2BFB241400F38165 /* View */,
				44AF62092BFB233700F38165 /* Model */,
				44AF62082BFB232F00F38165 /* Intent */,
				AC6E30EF2BECAB6B00911F13 /* Store */,
				AC5C854B2C35011A00F09746 /* KeyboardObserver.swift */,
				AC87BEDD2C3BF0BA006C2B0D /* DeviceRotationViewModifier.swift */,
				AC87BEDF2C3CF3FF006C2B0D /* SafeAreaInsetsKey.swift */,
			);
			path = Presentation;
			sourceTree = "<group>";
		};
		444293402BCAAC5C008CAA2C /* Model */ = {
			isa = PBXGroup;
			children = (
				4442934A2BCAC0C2008CAA2C /* Sheet */,
				4442934B2BCAC0C7008CAA2C /* Card */,
				444293532BCAD125008CAA2C /* Player */,
				AC6A83DF2C1B28930051C0DF /* Snapshot */,
				44DB763E2BEA003D0067A814 /* Game */,
				ACE5A3DC2C1D641700CBB6C9 /* Utility */,
			);
			path = Model;
			sourceTree = "<group>";
		};
		4442934A2BCAC0C2008CAA2C /* Sheet */ = {
			isa = PBXGroup;
			children = (
				AC9F1FFB2BCD1A77008283DF /* Errors */,
				444293442BCAAF79008CAA2C /* Sheet.swift */,
				44E011BD2C01E22600676359 /* SheetMode.swift */,
				4442934C2BCAC6D0008CAA2C /* Cell.swift */,
				44E8D8D12BD0116000A989E2 /* Marker.swift */,
			);
			path = Sheet;
			sourceTree = "<group>";
		};
		4442934B2BCAC0C7008CAA2C /* Card */ = {
			isa = PBXGroup;
			children = (
				444293512BCAD10B008CAA2C /* Card.swift */,
				444293482BCAC0B2008CAA2C /* Cards.swift */,
				AC7AB9282BCE7905004A77D3 /* Edition.swift */,
			);
			path = Card;
			sourceTree = "<group>";
		};
		4442934E2BCACB5C008CAA2C /* TestDouble */ = {
			isa = PBXGroup;
			children = (
				4442934F2BCACB76008CAA2C /* DummyPlayers.swift */,
			);
			path = TestDouble;
			sourceTree = "<group>";
		};
		444293532BCAD125008CAA2C /* Player */ = {
			isa = PBXGroup;
			children = (
				444293542BCAD131008CAA2C /* Player.swift */,
			);
			path = Player;
			sourceTree = "<group>";
		};
		44AF62082BFB232F00F38165 /* Intent */ = {
			isa = PBXGroup;
			children = (
				44AF61F92BF7219D00F38165 /* SheetInteractor.swift */,
				AC55CA7E2C2059640045E78F /* ControlBarInteractor.swift */,
				44AF61FB2BF723FB00F38165 /* MarkerControlBarInteractor.swift */,
				44AF62002BF7856900F38165 /* SettingInteractor.swift */,
				AC5C85512C380F9000F09746 /* GeometryInteractor.swift */,
			);
			path = Intent;
			sourceTree = "<group>";
		};
		44AF62092BFB233700F38165 /* Model */ = {
			isa = PBXGroup;
			children = (
				AC04831D2BF275A500B99608 /* PresentationSheet.swift */,
				4494A39A2BF33A6500EDA2BA /* PresentationCell.swift */,
				44AF62062BF796BA00F38165 /* PresentationSetting.swift */,
			);
			path = Model;
			sourceTree = "<group>";
		};
		44AF620A2BFB241400F38165 /* View */ = {
			isa = PBXGroup;
			children = (
				AC5C85532C38214500F09746 /* Component */,
				ACFED8CF2BB90B5E00B1D22B /* ClueDetectiveNotesApp.swift */,
				AC0360BE2C21B40900455C4A /* PlayerSettingView.swift */,
				AC0360C02C21CB9800455C4A /* PlayerDetailSettingView.swift */,
				ACFED8D12BB90B5E00B1D22B /* GameView.swift */,
				AC55CA802C205FE50045E78F /* ControlBarView.swift */,
				44B81D102BF1F94200E82051 /* MarkerControlBarView.swift */,
				AC0EABFF2C44E95000521147 /* PublicCardsSettingView.swift */,
				ACE10A022C48A4CA00CE42DC /* MyCardsSettingView.swift */,
			);
			path = View;
			sourceTree = "<group>";
		};
		44DB76362BE9FCD40067A814 /* Application */ = {
			isa = PBXGroup;
			children = (
				44DB76372BE9FCF60067A814 /* UseCase */,
			);
			path = Application;
			sourceTree = "<group>";
		};
		44DB76372BE9FCF60067A814 /* UseCase */ = {
			isa = PBXGroup;
			children = (
				AC3170522C01B01C009E947B /* Sheet */,
				AC31705B2C01B600009E947B /* Cell */,
				AC3D734C2C1C221B0042C669 /* Snapshot */,
				AC3170622C01B739009E947B /* Setting */,
				44B81D0C2BF1F0B400E82051 /* UseCase.swift */,
				AC3D734A2C1C19250042C669 /* UseCaseDecorator.swift */,
			);
			path = UseCase;
			sourceTree = "<group>";
		};
		44DB763A2BE9FD210067A814 /* Domain */ = {
			isa = PBXGroup;
			children = (
				444293402BCAAC5C008CAA2C /* Model */,
			);
			path = Domain;
			sourceTree = "<group>";
		};
		44DB763E2BEA003D0067A814 /* Game */ = {
			isa = PBXGroup;
			children = (
				AC31704F2C018C44009E947B /* Errors */,
				44DB763F2BEA004C0067A814 /* GameSetter.swift */,
				44AF62042BF796AE00F38165 /* Setting.swift */,
			);
			path = Game;
			sourceTree = "<group>";
		};
		44E011B92C01CCA300676359 /* Domain */ = {
			isa = PBXGroup;
			children = (
				4442934E2BCACB5C008CAA2C /* TestDouble */,
				ACFED8E02BB90B5F00B1D22B /* SheetTests.swift */,
				AC4121B42BD0138500817B0A /* CellTests.swift */,
			);
			path = Domain;
			sourceTree = "<group>";
		};
		44E011BA2C01CD8100676359 /* Application */ = {
			isa = PBXGroup;
			children = (
				44E011BB2C01CDA900676359 /* ClickCellUseCaseTests.swift */,
				ACEA787B2C109E04002CF159 /* LongClickCellUseCaseTests.swift */,
				ACEA787D2C10A4B5002CF159 /* ClickColNameUseCaseTests.swift */,
				ACA2ABFA2C1988B1002386E1 /* ClickRowNameUseCaseTests.swift */,
				44E011C32C01EC5E00676359 /* Sheet+.swift */,
			);
			path = Application;
			sourceTree = "<group>";
		};
		AC31704F2C018C44009E947B /* Errors */ = {
			isa = PBXGroup;
			children = (
				AC3170502C018C53009E947B /* SettingError.swift */,
			);
			path = Errors;
			sourceTree = "<group>";
		};
		AC3170522C01B01C009E947B /* Sheet */ = {
			isa = PBXGroup;
			children = (
				AC3170532C01B02F009E947B /* ClickCellUseCase.swift */,
				AC3170552C01B13E009E947B /* LongClickCellUseCase.swift */,
				AC3170572C01B4B6009E947B /* ClickColNameUseCase.swift */,
				AC3170592C01B51D009E947B /* ClickRowNameUseCase.swift */,
				ACA2ABFC2C199666002386E1 /* SwitchSingleModeUseCase.swift */,
			);
			path = Sheet;
			sourceTree = "<group>";
		};
		AC31705B2C01B600009E947B /* Cell */ = {
			isa = PBXGroup;
			children = (
				AC31705C2C01B627009E947B /* ChooseMainMarkerUseCase.swift */,
				AC31705E2C01B6A8009E947B /* ChooseSubMarkerUseCase.swift */,
				AC3170602C01B6E1009E947B /* CancelClickedCellUseCase.swift */,
				AC0360BA2C217EE000455C4A /* ClearMarkerSelectedCellUseCase.swift */,
			);
			path = Cell;
			sourceTree = "<group>";
		};
		AC3170622C01B739009E947B /* Setting */ = {
			isa = PBXGroup;
			children = (
				AC3170632C01B78D009E947B /* AddSubMarkerTypeUseCase.swift */,
				ACF3694B2C259C33000D32A1 /* CreatePlayersUseCase.swift */,
				AC0EAC012C44EFB500521147 /* CreatePublicCardsUseCase.swift */,
			);
			path = Setting;
			sourceTree = "<group>";
		};
		AC3D734C2C1C221B0042C669 /* Snapshot */ = {
			isa = PBXGroup;
			children = (
				AC3D734D2C1C22350042C669 /* SnapshotDecorator.swift */,
				AC55CA7C2C2058980045E78F /* UndoUseCase.swift */,
				AC55CA7A2C204CA90045E78F /* RedoUseCase.swift */,
			);
			path = Snapshot;
			sourceTree = "<group>";
		};
		AC5C85532C38214500F09746 /* Component */ = {
			isa = PBXGroup;
			children = (
				AC41F8E12C23F91E002FEA66 /* TitleView.swift */,
				AC5C85542C38217500F09746 /* EmptyView.swift */,
			);
			path = Component;
			sourceTree = "<group>";
		};
		AC6A83DF2C1B28930051C0DF /* Snapshot */ = {
			isa = PBXGroup;
			children = (
				AC6A83E42C1B2D1F0051C0DF /* Errors */,
				AC6A83E02C1B28BE0051C0DF /* Snapshot.swift */,
				AC6A83E22C1B29E70051C0DF /* SnapshotManager.swift */,
			);
			path = Snapshot;
			sourceTree = "<group>";
		};
		AC6A83E42C1B2D1F0051C0DF /* Errors */ = {
			isa = PBXGroup;
			children = (
				AC6A83E52C1B2D3A0051C0DF /* SnapshotError.swift */,
			);
			path = Errors;
			sourceTree = "<group>";
		};
		AC6E30EF2BECAB6B00911F13 /* Store */ = {
			isa = PBXGroup;
			children = (
				AC6E30F02BECABB000911F13 /* SheetStore.swift */,
				44AF61FD2BF7852500F38165 /* SettingStore.swift */,
				AC5C854F2C380F4300F09746 /* GeometryStore.swift */,
			);
			path = Store;
			sourceTree = "<group>";
		};
		AC9F1FFB2BCD1A77008283DF /* Errors */ = {
			isa = PBXGroup;
			children = (
				AC9F1FFC2BCD1AB8008283DF /* SheetError.swift */,
				AC55A33F2BE9F2AD00AC0774 /* CellError.swift */,
			);
			path = Errors;
			sourceTree = "<group>";
		};
		ACE5A3DC2C1D641700CBB6C9 /* Utility */ = {
			isa = PBXGroup;
			children = (
				AC6A83DD2C1ADC110051C0DF /* ConvertManager.swift */,
			);
			path = Utility;
			sourceTree = "<group>";
		};
		ACFED8C32BB90B5E00B1D22B = {
			isa = PBXGroup;
			children = (
				ACFED8CE2BB90B5E00B1D22B /* ClueDetectiveNotes */,
				ACFED8DF2BB90B5F00B1D22B /* ClueDetectiveNotesTests */,
				ACFED8CD2BB90B5E00B1D22B /* Products */,
			);
			sourceTree = "<group>";
		};
		ACFED8CD2BB90B5E00B1D22B /* Products */ = {
			isa = PBXGroup;
			children = (
				ACFED8CC2BB90B5E00B1D22B /* ClueDetectiveNotes.app */,
				ACFED8DC2BB90B5F00B1D22B /* ClueDetectiveNotesTests.xctest */,
			);
			name = Products;
			sourceTree = "<group>";
		};
		ACFED8CE2BB90B5E00B1D22B /* ClueDetectiveNotes */ = {
			isa = PBXGroup;
			children = (
				4442933F2BCAAC54008CAA2C /* Presentation */,
				44DB76362BE9FCD40067A814 /* Application */,
				44DB763A2BE9FD210067A814 /* Domain */,
				ACFED8D32BB90B5F00B1D22B /* Assets.xcassets */,
				ACFED8D52BB90B5F00B1D22B /* Preview Content */,
			);
			path = ClueDetectiveNotes;
			sourceTree = "<group>";
		};
		ACFED8D52BB90B5F00B1D22B /* Preview Content */ = {
			isa = PBXGroup;
			children = (
				ACFED8D62BB90B5F00B1D22B /* Preview Assets.xcassets */,
			);
			path = "Preview Content";
			sourceTree = "<group>";
		};
		ACFED8DF2BB90B5F00B1D22B /* ClueDetectiveNotesTests */ = {
			isa = PBXGroup;
			children = (
				44E011C22C01EB8700676359 /* ClueDetectiveNotes.xctestplan */,
				44E011BA2C01CD8100676359 /* Application */,
				44E011B92C01CCA300676359 /* Domain */,
			);
			path = ClueDetectiveNotesTests;
			sourceTree = "<group>";
		};
/* End PBXGroup section */

/* Begin PBXNativeTarget section */
		ACFED8CB2BB90B5E00B1D22B /* ClueDetectiveNotes */ = {
			isa = PBXNativeTarget;
			buildConfigurationList = ACFED8F02BB90B5F00B1D22B /* Build configuration list for PBXNativeTarget "ClueDetectiveNotes" */;
			buildPhases = (
				ACFED8C82BB90B5E00B1D22B /* Sources */,
				ACFED8C92BB90B5E00B1D22B /* Frameworks */,
				ACFED8CA2BB90B5E00B1D22B /* Resources */,
			);
			buildRules = (
			);
			dependencies = (
			);
			name = ClueDetectiveNotes;
			productName = ClueDetectiveNotes;
			productReference = ACFED8CC2BB90B5E00B1D22B /* ClueDetectiveNotes.app */;
			productType = "com.apple.product-type.application";
		};
		ACFED8DB2BB90B5F00B1D22B /* ClueDetectiveNotesTests */ = {
			isa = PBXNativeTarget;
			buildConfigurationList = ACFED8F32BB90B5F00B1D22B /* Build configuration list for PBXNativeTarget "ClueDetectiveNotesTests" */;
			buildPhases = (
				ACFED8D82BB90B5F00B1D22B /* Sources */,
				ACFED8D92BB90B5F00B1D22B /* Frameworks */,
				ACFED8DA2BB90B5F00B1D22B /* Resources */,
			);
			buildRules = (
			);
			dependencies = (
				ACFED8DE2BB90B5F00B1D22B /* PBXTargetDependency */,
			);
			name = ClueDetectiveNotesTests;
			productName = ClueDetectiveNotesTests;
			productReference = ACFED8DC2BB90B5F00B1D22B /* ClueDetectiveNotesTests.xctest */;
			productType = "com.apple.product-type.bundle.unit-test";
		};
/* End PBXNativeTarget section */

/* Begin PBXProject section */
		ACFED8C42BB90B5E00B1D22B /* Project object */ = {
			isa = PBXProject;
			attributes = {
				BuildIndependentTargetsInParallel = 1;
				LastSwiftUpdateCheck = 1430;
				LastUpgradeCheck = 1430;
				TargetAttributes = {
					ACFED8CB2BB90B5E00B1D22B = {
						CreatedOnToolsVersion = 14.3.1;
					};
					ACFED8DB2BB90B5F00B1D22B = {
						CreatedOnToolsVersion = 14.3.1;
						TestTargetID = ACFED8CB2BB90B5E00B1D22B;
					};
				};
			};
			buildConfigurationList = ACFED8C72BB90B5E00B1D22B /* Build configuration list for PBXProject "ClueDetectiveNotes" */;
			compatibilityVersion = "Xcode 14.0";
			developmentRegion = en;
			hasScannedForEncodings = 0;
			knownRegions = (
				en,
				Base,
			);
			mainGroup = ACFED8C32BB90B5E00B1D22B;
			productRefGroup = ACFED8CD2BB90B5E00B1D22B /* Products */;
			projectDirPath = "";
			projectRoot = "";
			targets = (
				ACFED8CB2BB90B5E00B1D22B /* ClueDetectiveNotes */,
				ACFED8DB2BB90B5F00B1D22B /* ClueDetectiveNotesTests */,
			);
		};
/* End PBXProject section */

/* Begin PBXResourcesBuildPhase section */
		ACFED8CA2BB90B5E00B1D22B /* Resources */ = {
			isa = PBXResourcesBuildPhase;
			buildActionMask = 2147483647;
			files = (
				ACFED8D72BB90B5F00B1D22B /* Preview Assets.xcassets in Resources */,
				ACFED8D42BB90B5F00B1D22B /* Assets.xcassets in Resources */,
			);
			runOnlyForDeploymentPostprocessing = 0;
		};
		ACFED8DA2BB90B5F00B1D22B /* Resources */ = {
			isa = PBXResourcesBuildPhase;
			buildActionMask = 2147483647;
			files = (
			);
			runOnlyForDeploymentPostprocessing = 0;
		};
/* End PBXResourcesBuildPhase section */

/* Begin PBXSourcesBuildPhase section */
		ACFED8C82BB90B5E00B1D22B /* Sources */ = {
			isa = PBXSourcesBuildPhase;
			buildActionMask = 2147483647;
			files = (
				44B81D112BF1F94200E82051 /* MarkerControlBarView.swift in Sources */,
				AC55CA7D2C2058980045E78F /* UndoUseCase.swift in Sources */,
				AC3170512C018C53009E947B /* SettingError.swift in Sources */,
				AC3D734B2C1C19250042C669 /* UseCaseDecorator.swift in Sources */,
				AC3170642C01B78D009E947B /* AddSubMarkerTypeUseCase.swift in Sources */,
				44AF62072BF796BA00F38165 /* PresentationSetting.swift in Sources */,
				AC6A83E32C1B29E70051C0DF /* SnapshotManager.swift in Sources */,
				AC6E30F12BECABB000911F13 /* SheetStore.swift in Sources */,
				444293452BCAAF79008CAA2C /* Sheet.swift in Sources */,
				44DB76402BEA004C0067A814 /* GameSetter.swift in Sources */,
				AC3170612C01B6E1009E947B /* CancelClickedCellUseCase.swift in Sources */,
				AC31705A2C01B51D009E947B /* ClickRowNameUseCase.swift in Sources */,
				AC9F1FFD2BCD1AB8008283DF /* SheetError.swift in Sources */,
				AC87BEDE2C3BF0BA006C2B0D /* DeviceRotationViewModifier.swift in Sources */,
				44AF62012BF7856900F38165 /* SettingInteractor.swift in Sources */,
				AC0360BB2C217EE000455C4A /* ClearMarkerSelectedCellUseCase.swift in Sources */,
				AC3D734E2C1C22350042C669 /* SnapshotDecorator.swift in Sources */,
				AC3170562C01B13E009E947B /* LongClickCellUseCase.swift in Sources */,
				AC31705D2C01B627009E947B /* ChooseMainMarkerUseCase.swift in Sources */,
				4494A39B2BF33A6500EDA2BA /* PresentationCell.swift in Sources */,
				444293522BCAD10B008CAA2C /* Card.swift in Sources */,
				AC0360BF2C21B40900455C4A /* PlayerSettingView.swift in Sources */,
				AC5C85502C380F4300F09746 /* GeometryStore.swift in Sources */,
				AC31705F2C01B6A8009E947B /* ChooseSubMarkerUseCase.swift in Sources */,
				AC55CA812C205FE50045E78F /* ControlBarView.swift in Sources */,
				AC5C85522C380F9000F09746 /* GeometryInteractor.swift in Sources */,
				AC41F8E22C23F91E002FEA66 /* TitleView.swift in Sources */,
				44B81D0D2BF1F0B400E82051 /* UseCase.swift in Sources */,
				AC7AB9292BCE7905004A77D3 /* Edition.swift in Sources */,
				AC0360C12C21CB9800455C4A /* PlayerDetailSettingView.swift in Sources */,
				ACA2ABFD2C199666002386E1 /* SwitchSingleModeUseCase.swift in Sources */,
				AC6A83E62C1B2D3A0051C0DF /* SnapshotError.swift in Sources */,
				444293492BCAC0B2008CAA2C /* Cards.swift in Sources */,
				444293552BCAD131008CAA2C /* Player.swift in Sources */,
				AC5C85552C38217500F09746 /* EmptyView.swift in Sources */,
				AC55A3402BE9F2AD00AC0774 /* CellError.swift in Sources */,
				44AF62052BF796AE00F38165 /* Setting.swift in Sources */,
				AC0EAC022C44EFB500521147 /* CreatePublicCardsUseCase.swift in Sources */,
				44AF61FE2BF7852500F38165 /* SettingStore.swift in Sources */,
				44E8D8D22BD0116000A989E2 /* Marker.swift in Sources */,
				AC04831E2BF275A500B99608 /* PresentationSheet.swift in Sources */,
				AC3170582C01B4B6009E947B /* ClickColNameUseCase.swift in Sources */,
				44AF61FA2BF7219D00F38165 /* SheetInteractor.swift in Sources */,
				44AF61FC2BF723FB00F38165 /* MarkerControlBarInteractor.swift in Sources */,
				AC55CA7B2C204CA90045E78F /* RedoUseCase.swift in Sources */,
				ACFED8D22BB90B5E00B1D22B /* GameView.swift in Sources */,
				AC6A83DE2C1ADC110051C0DF /* ConvertManager.swift in Sources */,
				AC3170542C01B02F009E947B /* ClickCellUseCase.swift in Sources */,
				AC5C854C2C35011A00F09746 /* KeyboardObserver.swift in Sources */,
				AC87BEE02C3CF3FF006C2B0D /* SafeAreaInsetsKey.swift in Sources */,
				ACFED8D02BB90B5E00B1D22B /* ClueDetectiveNotesApp.swift in Sources */,
				AC55CA7F2C2059640045E78F /* ControlBarInteractor.swift in Sources */,
				AC6A83E12C1B28BE0051C0DF /* Snapshot.swift in Sources */,
				AC0EAC002C44E95000521147 /* PublicCardsSettingView.swift in Sources */,
				4442934D2BCAC6D0008CAA2C /* Cell.swift in Sources */,
				44E011BE2C01E22600676359 /* SheetMode.swift in Sources */,
				ACF3694C2C259C33000D32A1 /* CreatePlayersUseCase.swift in Sources */,
				ACE10A032C48A4CA00CE42DC /* MyCardsSettingView.swift in Sources */,
			);
			runOnlyForDeploymentPostprocessing = 0;
		};
		ACFED8D82BB90B5F00B1D22B /* Sources */ = {
			isa = PBXSourcesBuildPhase;
			buildActionMask = 2147483647;
			files = (
				44E011BC2C01CDA900676359 /* ClickCellUseCaseTests.swift in Sources */,
				ACFED8E12BB90B5F00B1D22B /* SheetTests.swift in Sources */,
				ACEA787C2C109E04002CF159 /* LongClickCellUseCaseTests.swift in Sources */,
				AC4121B52BD0138500817B0A /* CellTests.swift in Sources */,
				ACA2ABFB2C1988B1002386E1 /* ClickRowNameUseCaseTests.swift in Sources */,
				ACEA787E2C10A4B5002CF159 /* ClickColNameUseCaseTests.swift in Sources */,
				444293502BCACB76008CAA2C /* DummyPlayers.swift in Sources */,
				44E011C42C01EC5E00676359 /* Sheet+.swift in Sources */,
			);
			runOnlyForDeploymentPostprocessing = 0;
		};
/* End PBXSourcesBuildPhase section */

/* Begin PBXTargetDependency section */
		ACFED8DE2BB90B5F00B1D22B /* PBXTargetDependency */ = {
			isa = PBXTargetDependency;
			target = ACFED8CB2BB90B5E00B1D22B /* ClueDetectiveNotes */;
			targetProxy = ACFED8DD2BB90B5F00B1D22B /* PBXContainerItemProxy */;
		};
/* End PBXTargetDependency section */

/* Begin XCBuildConfiguration section */
		ACFED8EE2BB90B5F00B1D22B /* Debug */ = {
			isa = XCBuildConfiguration;
			buildSettings = {
				ALWAYS_SEARCH_USER_PATHS = NO;
				CLANG_ANALYZER_NONNULL = YES;
				CLANG_ANALYZER_NUMBER_OBJECT_CONVERSION = YES_AGGRESSIVE;
				CLANG_CXX_LANGUAGE_STANDARD = "gnu++20";
				CLANG_ENABLE_MODULES = YES;
				CLANG_ENABLE_OBJC_ARC = YES;
				CLANG_ENABLE_OBJC_WEAK = YES;
				CLANG_WARN_BLOCK_CAPTURE_AUTORELEASING = YES;
				CLANG_WARN_BOOL_CONVERSION = YES;
				CLANG_WARN_COMMA = YES;
				CLANG_WARN_CONSTANT_CONVERSION = YES;
				CLANG_WARN_DEPRECATED_OBJC_IMPLEMENTATIONS = YES;
				CLANG_WARN_DIRECT_OBJC_ISA_USAGE = YES_ERROR;
				CLANG_WARN_DOCUMENTATION_COMMENTS = YES;
				CLANG_WARN_EMPTY_BODY = YES;
				CLANG_WARN_ENUM_CONVERSION = YES;
				CLANG_WARN_INFINITE_RECURSION = YES;
				CLANG_WARN_INT_CONVERSION = YES;
				CLANG_WARN_NON_LITERAL_NULL_CONVERSION = YES;
				CLANG_WARN_OBJC_IMPLICIT_RETAIN_SELF = YES;
				CLANG_WARN_OBJC_LITERAL_CONVERSION = YES;
				CLANG_WARN_OBJC_ROOT_CLASS = YES_ERROR;
				CLANG_WARN_QUOTED_INCLUDE_IN_FRAMEWORK_HEADER = YES;
				CLANG_WARN_RANGE_LOOP_ANALYSIS = YES;
				CLANG_WARN_STRICT_PROTOTYPES = YES;
				CLANG_WARN_SUSPICIOUS_MOVE = YES;
				CLANG_WARN_UNGUARDED_AVAILABILITY = YES_AGGRESSIVE;
				CLANG_WARN_UNREACHABLE_CODE = YES;
				CLANG_WARN__DUPLICATE_METHOD_MATCH = YES;
				COPY_PHASE_STRIP = NO;
				DEBUG_INFORMATION_FORMAT = dwarf;
				ENABLE_STRICT_OBJC_MSGSEND = YES;
				ENABLE_TESTABILITY = YES;
				GCC_C_LANGUAGE_STANDARD = gnu11;
				GCC_DYNAMIC_NO_PIC = NO;
				GCC_NO_COMMON_BLOCKS = YES;
				GCC_OPTIMIZATION_LEVEL = 0;
				GCC_PREPROCESSOR_DEFINITIONS = (
					"DEBUG=1",
					"$(inherited)",
				);
				GCC_WARN_64_TO_32_BIT_CONVERSION = YES;
				GCC_WARN_ABOUT_RETURN_TYPE = YES_ERROR;
				GCC_WARN_UNDECLARED_SELECTOR = YES;
				GCC_WARN_UNINITIALIZED_AUTOS = YES_AGGRESSIVE;
				GCC_WARN_UNUSED_FUNCTION = YES;
				GCC_WARN_UNUSED_VARIABLE = YES;
				IPHONEOS_DEPLOYMENT_TARGET = 16.4;
				MTL_ENABLE_DEBUG_INFO = INCLUDE_SOURCE;
				MTL_FAST_MATH = YES;
				ONLY_ACTIVE_ARCH = YES;
				SDKROOT = iphoneos;
				SWIFT_ACTIVE_COMPILATION_CONDITIONS = DEBUG;
				SWIFT_OPTIMIZATION_LEVEL = "-Onone";
			};
			name = Debug;
		};
		ACFED8EF2BB90B5F00B1D22B /* Release */ = {
			isa = XCBuildConfiguration;
			buildSettings = {
				ALWAYS_SEARCH_USER_PATHS = NO;
				CLANG_ANALYZER_NONNULL = YES;
				CLANG_ANALYZER_NUMBER_OBJECT_CONVERSION = YES_AGGRESSIVE;
				CLANG_CXX_LANGUAGE_STANDARD = "gnu++20";
				CLANG_ENABLE_MODULES = YES;
				CLANG_ENABLE_OBJC_ARC = YES;
				CLANG_ENABLE_OBJC_WEAK = YES;
				CLANG_WARN_BLOCK_CAPTURE_AUTORELEASING = YES;
				CLANG_WARN_BOOL_CONVERSION = YES;
				CLANG_WARN_COMMA = YES;
				CLANG_WARN_CONSTANT_CONVERSION = YES;
				CLANG_WARN_DEPRECATED_OBJC_IMPLEMENTATIONS = YES;
				CLANG_WARN_DIRECT_OBJC_ISA_USAGE = YES_ERROR;
				CLANG_WARN_DOCUMENTATION_COMMENTS = YES;
				CLANG_WARN_EMPTY_BODY = YES;
				CLANG_WARN_ENUM_CONVERSION = YES;
				CLANG_WARN_INFINITE_RECURSION = YES;
				CLANG_WARN_INT_CONVERSION = YES;
				CLANG_WARN_NON_LITERAL_NULL_CONVERSION = YES;
				CLANG_WARN_OBJC_IMPLICIT_RETAIN_SELF = YES;
				CLANG_WARN_OBJC_LITERAL_CONVERSION = YES;
				CLANG_WARN_OBJC_ROOT_CLASS = YES_ERROR;
				CLANG_WARN_QUOTED_INCLUDE_IN_FRAMEWORK_HEADER = YES;
				CLANG_WARN_RANGE_LOOP_ANALYSIS = YES;
				CLANG_WARN_STRICT_PROTOTYPES = YES;
				CLANG_WARN_SUSPICIOUS_MOVE = YES;
				CLANG_WARN_UNGUARDED_AVAILABILITY = YES_AGGRESSIVE;
				CLANG_WARN_UNREACHABLE_CODE = YES;
				CLANG_WARN__DUPLICATE_METHOD_MATCH = YES;
				COPY_PHASE_STRIP = NO;
				DEBUG_INFORMATION_FORMAT = "dwarf-with-dsym";
				ENABLE_NS_ASSERTIONS = NO;
				ENABLE_STRICT_OBJC_MSGSEND = YES;
				GCC_C_LANGUAGE_STANDARD = gnu11;
				GCC_NO_COMMON_BLOCKS = YES;
				GCC_WARN_64_TO_32_BIT_CONVERSION = YES;
				GCC_WARN_ABOUT_RETURN_TYPE = YES_ERROR;
				GCC_WARN_UNDECLARED_SELECTOR = YES;
				GCC_WARN_UNINITIALIZED_AUTOS = YES_AGGRESSIVE;
				GCC_WARN_UNUSED_FUNCTION = YES;
				GCC_WARN_UNUSED_VARIABLE = YES;
				IPHONEOS_DEPLOYMENT_TARGET = 16.4;
				MTL_ENABLE_DEBUG_INFO = NO;
				MTL_FAST_MATH = YES;
				SDKROOT = iphoneos;
				SWIFT_COMPILATION_MODE = wholemodule;
				SWIFT_OPTIMIZATION_LEVEL = "-O";
				VALIDATE_PRODUCT = YES;
			};
			name = Release;
		};
		ACFED8F12BB90B5F00B1D22B /* Debug */ = {
			isa = XCBuildConfiguration;
			buildSettings = {
				ASSETCATALOG_COMPILER_APPICON_NAME = AppIcon;
				ASSETCATALOG_COMPILER_GLOBAL_ACCENT_COLOR_NAME = AccentColor;
				CODE_SIGN_IDENTITY = "Apple Development";
				CODE_SIGN_STYLE = Automatic;
				CURRENT_PROJECT_VERSION = 1;
				DEVELOPMENT_ASSET_PATHS = "\"ClueDetectiveNotes/Preview Content\"";
				DEVELOPMENT_TEAM = ZKFBM5P56Z;
				ENABLE_PREVIEWS = YES;
				GENERATE_INFOPLIST_FILE = YES;
				INFOPLIST_KEY_UIApplicationSceneManifest_Generation = YES;
				INFOPLIST_KEY_UIApplicationSupportsIndirectInputEvents = YES;
				INFOPLIST_KEY_UILaunchScreen_Generation = YES;
				INFOPLIST_KEY_UISupportedInterfaceOrientations = UIInterfaceOrientationPortrait;
				LD_RUNPATH_SEARCH_PATHS = (
					"$(inherited)",
					"@executable_path/Frameworks",
				);
				MARKETING_VERSION = 1.0;
				PRODUCT_BUNDLE_IDENTIFIER = com.jobseeker.ClueDetectiveNotes;
				PRODUCT_NAME = "$(TARGET_NAME)";
				PROVISIONING_PROFILE_SPECIFIER = "";
				SWIFT_EMIT_LOC_STRINGS = YES;
				SWIFT_VERSION = 5.0;
				TARGETED_DEVICE_FAMILY = "1,2";
			};
			name = Debug;
		};
		ACFED8F22BB90B5F00B1D22B /* Release */ = {
			isa = XCBuildConfiguration;
			buildSettings = {
				ASSETCATALOG_COMPILER_APPICON_NAME = AppIcon;
				ASSETCATALOG_COMPILER_GLOBAL_ACCENT_COLOR_NAME = AccentColor;
				CODE_SIGN_IDENTITY = "Apple Development";
				CODE_SIGN_STYLE = Automatic;
				CURRENT_PROJECT_VERSION = 1;
				DEVELOPMENT_ASSET_PATHS = "\"ClueDetectiveNotes/Preview Content\"";
				DEVELOPMENT_TEAM = ZKFBM5P56Z;
				ENABLE_PREVIEWS = YES;
				GENERATE_INFOPLIST_FILE = YES;
				INFOPLIST_KEY_UIApplicationSceneManifest_Generation = YES;
				INFOPLIST_KEY_UIApplicationSupportsIndirectInputEvents = YES;
				INFOPLIST_KEY_UILaunchScreen_Generation = YES;
				INFOPLIST_KEY_UISupportedInterfaceOrientations = UIInterfaceOrientationPortrait;
				LD_RUNPATH_SEARCH_PATHS = (
					"$(inherited)",
					"@executable_path/Frameworks",
				);
				MARKETING_VERSION = 1.0;
				PRODUCT_BUNDLE_IDENTIFIER = com.jobseeker.ClueDetectiveNotes;
				PRODUCT_NAME = "$(TARGET_NAME)";
				PROVISIONING_PROFILE_SPECIFIER = "";
				SWIFT_EMIT_LOC_STRINGS = YES;
				SWIFT_VERSION = 5.0;
				TARGETED_DEVICE_FAMILY = "1,2";
			};
			name = Release;
		};
		ACFED8F42BB90B5F00B1D22B /* Debug */ = {
			isa = XCBuildConfiguration;
			buildSettings = {
				ALWAYS_EMBED_SWIFT_STANDARD_LIBRARIES = YES;
				BUNDLE_LOADER = "$(TEST_HOST)";
				CODE_SIGN_STYLE = Automatic;
				CURRENT_PROJECT_VERSION = 1;
				GENERATE_INFOPLIST_FILE = YES;
				IPHONEOS_DEPLOYMENT_TARGET = 16.4;
				MARKETING_VERSION = 1.0;
				PRODUCT_BUNDLE_IDENTIFIER = com.jobseeker.ClueDetectiveNotesTests;
				PRODUCT_NAME = "$(TARGET_NAME)";
				SWIFT_EMIT_LOC_STRINGS = NO;
				SWIFT_VERSION = 5.0;
				TARGETED_DEVICE_FAMILY = "1,2";
				TEST_HOST = "$(BUILT_PRODUCTS_DIR)/ClueDetectiveNotes.app/$(BUNDLE_EXECUTABLE_FOLDER_PATH)/ClueDetectiveNotes";
			};
			name = Debug;
		};
		ACFED8F52BB90B5F00B1D22B /* Release */ = {
			isa = XCBuildConfiguration;
			buildSettings = {
				ALWAYS_EMBED_SWIFT_STANDARD_LIBRARIES = YES;
				BUNDLE_LOADER = "$(TEST_HOST)";
				CODE_SIGN_STYLE = Automatic;
				CURRENT_PROJECT_VERSION = 1;
				GENERATE_INFOPLIST_FILE = YES;
				IPHONEOS_DEPLOYMENT_TARGET = 16.4;
				MARKETING_VERSION = 1.0;
				PRODUCT_BUNDLE_IDENTIFIER = com.jobseeker.ClueDetectiveNotesTests;
				PRODUCT_NAME = "$(TARGET_NAME)";
				SWIFT_EMIT_LOC_STRINGS = NO;
				SWIFT_VERSION = 5.0;
				TARGETED_DEVICE_FAMILY = "1,2";
				TEST_HOST = "$(BUILT_PRODUCTS_DIR)/ClueDetectiveNotes.app/$(BUNDLE_EXECUTABLE_FOLDER_PATH)/ClueDetectiveNotes";
			};
			name = Release;
		};
/* End XCBuildConfiguration section */

/* Begin XCConfigurationList section */
		ACFED8C72BB90B5E00B1D22B /* Build configuration list for PBXProject "ClueDetectiveNotes" */ = {
			isa = XCConfigurationList;
			buildConfigurations = (
				ACFED8EE2BB90B5F00B1D22B /* Debug */,
				ACFED8EF2BB90B5F00B1D22B /* Release */,
			);
			defaultConfigurationIsVisible = 0;
			defaultConfigurationName = Release;
		};
		ACFED8F02BB90B5F00B1D22B /* Build configuration list for PBXNativeTarget "ClueDetectiveNotes" */ = {
			isa = XCConfigurationList;
			buildConfigurations = (
				ACFED8F12BB90B5F00B1D22B /* Debug */,
				ACFED8F22BB90B5F00B1D22B /* Release */,
			);
			defaultConfigurationIsVisible = 0;
			defaultConfigurationName = Release;
		};
		ACFED8F32BB90B5F00B1D22B /* Build configuration list for PBXNativeTarget "ClueDetectiveNotesTests" */ = {
			isa = XCConfigurationList;
			buildConfigurations = (
				ACFED8F42BB90B5F00B1D22B /* Debug */,
				ACFED8F52BB90B5F00B1D22B /* Release */,
			);
			defaultConfigurationIsVisible = 0;
			defaultConfigurationName = Release;
		};
/* End XCConfigurationList section */
	};
	rootObject = ACFED8C42BB90B5E00B1D22B /* Project object */;
}
